{
  "name": "nipp",
  "version": "0.5.0",
  "lockfileVersion": 1,
  "requires": true,
  "dependencies": {
    "@babel/standalone": {
      "version": "7.1.0",
      "resolved": "https://registry.npmjs.org/@babel/standalone/-/standalone-7.1.0.tgz",
      "integrity": "sha512-3yROQ+PlAAi2uf3Crpdl11hhrYDQ6af+uNmrpLn26WTSdGkOubMXvJKKmHMmiSm2MlOUVrqyotudpQS3hL9UBg=="
    },
    "ace-angular": {
      "version": "0.1.1",
      "resolved": "https://registry.npmjs.org/ace-angular/-/ace-angular-0.1.1.tgz",
      "integrity": "sha1-0RSWCT+/EEVv02rG/+7qUSGFWp4="
    },
    "ace-builds": {
      "version": "1.4.1",
      "resolved": "https://registry.npmjs.org/ace-builds/-/ace-builds-1.4.1.tgz",
      "integrity": "sha512-ulsfTOi/oAXBIt9hYlK4asyFZYsFOOUAbwBZidbjWWJycRX4LtwIithMyndcnoQ4PavkZ0iGJ+c9nqHNiYbubA=="
    },
    "angular": {
      "version": "1.7.5",
      "resolved": "https://registry.npmjs.org/angular/-/angular-1.7.5.tgz",
      "integrity": "sha512-760183yxtGzni740IBTieNuWLtPNAoMqvmC0Z62UoU0I3nqk+VJuO3JbQAXOyvo3Oy/ZsdNQwrSTh/B0OQZjNw=="
    },
    "array-union": {
      "version": "1.0.2",
      "resolved": "https://registry.npmjs.org/array-union/-/array-union-1.0.2.tgz",
      "integrity": "sha1-mjRBDk9OPaI96jdb5b5w8kd47Dk=",
      "dev": true,
      "requires": {
        "array-uniq": "^1.0.1"
      }
    },
    "array-uniq": {
      "version": "1.0.3",
      "resolved": "https://registry.npmjs.org/array-uniq/-/array-uniq-1.0.3.tgz",
      "integrity": "sha1-r2rId6Jcx/dOBYiUdThY39sk/bY=",
      "dev": true
    },
    "async": {
      "version": "2.6.1",
      "resolved": "https://registry.npmjs.org/async/-/async-2.6.1.tgz",
      "integrity": "sha512-fNEiL2+AZt6AlAw/29Cr0UDe4sRAHCpEHh54WMz+Bb7QfNcFw4h3loofyJpLeQs4Yx7yuqu/2dLgM5hKOs6HlQ==",
      "dev": true,
      "requires": {
        "lodash": "^4.17.10"
      }
    },
    "balanced-match": {
      "version": "1.0.0",
      "resolved": "https://registry.npmjs.org/balanced-match/-/balanced-match-1.0.0.tgz",
      "integrity": "sha1-ibTRmasr7kneFk6gK4nORi1xt2c="
    },
    "bower": {
      "version": "1.8.4",
      "resolved": "https://registry.npmjs.org/bower/-/bower-1.8.4.tgz",
      "integrity": "sha1-54dqB23rgTf30GUl3F6MZtuC8oo=",
      "dev": true
    },
    "brace-expansion": {
      "version": "1.1.11",
      "resolved": "https://registry.npmjs.org/brace-expansion/-/brace-expansion-1.1.11.tgz",
      "integrity": "sha512-iCuPHDFgrHX7H2vEI/5xpz07zSHB00TpugqhmYtVmMO6518mCuRMoOYFldEBl0g187ufozdaHgWKcYFb61qGiA==",
      "requires": {
        "balanced-match": "^1.0.0",
        "concat-map": "0.0.1"
      }
    },
    "commander": {
      "version": "2.18.0",
      "resolved": "https://registry.npmjs.org/commander/-/commander-2.18.0.tgz",
      "integrity": "sha512-6CYPa+JP2ftfRU2qkDK+UTVeQYosOg/2GbcjIcKPHfinyOLPVGXu/ovN86RP49Re5ndJK1N0kuiidFFuepc4ZQ==",
      "dev": true
    },
    "concat-map": {
      "version": "0.0.1",
      "resolved": "https://registry.npmjs.org/concat-map/-/concat-map-0.0.1.tgz",
      "integrity": "sha1-2Klr13/Wjfd5OnMDajug1UBdR3s="
    },
    "email-addresses": {
      "version": "3.0.2",
      "resolved": "https://registry.npmjs.org/email-addresses/-/email-addresses-3.0.2.tgz",
      "integrity": "sha512-IMn9dnwLMsgZjdUHswB/UZ0S8LQ/u+2/qjnHJ9tCtp3QHZsIYwJCiJOo2FT0i3CwwK/dtSODYtxuvzV4D9MY5g==",
      "dev": true
    },
    "escape-string-regexp": {
      "version": "1.0.5",
      "resolved": "https://registry.npmjs.org/escape-string-regexp/-/escape-string-regexp-1.0.5.tgz",
      "integrity": "sha1-G2HAViGQqN/2rjuyzwIAyhMLhtQ=",
      "dev": true
    },
    "filename-reserved-regex": {
      "version": "1.0.0",
      "resolved": "https://registry.npmjs.org/filename-reserved-regex/-/filename-reserved-regex-1.0.0.tgz",
      "integrity": "sha1-5hz4BfDeHJhFZ9A4bcXfUO5a9+Q=",
      "dev": true
    },
    "filenamify": {
      "version": "1.2.1",
      "resolved": "https://registry.npmjs.org/filenamify/-/filenamify-1.2.1.tgz",
      "integrity": "sha1-qfL/0RxQO+0wABUCknI3jx8TZaU=",
      "dev": true,
      "requires": {
        "filename-reserved-regex": "^1.0.0",
        "strip-outer": "^1.0.0",
        "trim-repeated": "^1.0.0"
      }
    },
    "filenamify-url": {
      "version": "1.0.0",
      "resolved": "https://registry.npmjs.org/filenamify-url/-/filenamify-url-1.0.0.tgz",
      "integrity": "sha1-syvYExnvWGO3MHi+1Q9GpPeXX1A=",
      "dev": true,
      "requires": {
        "filenamify": "^1.0.0",
        "humanize-url": "^1.0.0"
      }
    },
    "fs-extra": {
      "version": "7.0.0",
      "resolved": "https://registry.npmjs.org/fs-extra/-/fs-extra-7.0.0.tgz",
      "integrity": "sha512-EglNDLRpmaTWiD/qraZn6HREAEAHJcJOmxNEYwq6xeMKnVMAy3GUcFB+wXt2C6k4CNvB/mP1y/U3dzvKKj5OtQ==",
      "dev": true,
      "requires": {
        "graceful-fs": "^4.1.2",
        "jsonfile": "^4.0.0",
        "universalify": "^0.1.0"
      }
    },
    "fs.realpath": {
      "version": "1.0.0",
      "resolved": "https://registry.npmjs.org/fs.realpath/-/fs.realpath-1.0.0.tgz",
      "integrity": "sha1-FQStJSMVjKpA20onh8sBQRmU6k8="
    },
    "gh-pages": {
      "version": "2.0.1",
      "resolved": "https://registry.npmjs.org/gh-pages/-/gh-pages-2.0.1.tgz",
      "integrity": "sha512-uFlk3bukljeiWKQ2XvPfjcSi/ou7IfoDf2p+Fj672saLAr8bnOdFVqI/JSgrSgInKpCg5BksxEwGUl++dbg8Dg==",
      "dev": true,
      "requires": {
        "async": "^2.6.1",
        "commander": "^2.18.0",
        "email-addresses": "^3.0.1",
        "filenamify-url": "^1.0.0",
        "fs-extra": "^7.0.0",
        "globby": "^6.1.0",
        "graceful-fs": "^4.1.11",
        "rimraf": "^2.6.2"
      }
    },
    "glob": {
      "version": "7.1.3",
      "resolved": "https://registry.npmjs.org/glob/-/glob-7.1.3.tgz",
      "integrity": "sha512-vcfuiIxogLV4DlGBHIUOwI0IbrJ8HWPc4MU7HzviGeNho/UJDfi6B5p3sHeWIQ0KGIU0Jpxi5ZHxemQfLkkAwQ==",
      "requires": {
        "fs.realpath": "^1.0.0",
        "inflight": "^1.0.4",
        "inherits": "2",
        "minimatch": "^3.0.4",
        "once": "^1.3.0",
        "path-is-absolute": "^1.0.0"
      }
    },
    "globby": {
      "version": "6.1.0",
      "resolved": "https://registry.npmjs.org/globby/-/globby-6.1.0.tgz",
      "integrity": "sha1-9abXDoOV4hyFj7BInWTfAkJNUGw=",
      "dev": true,
      "requires": {
        "array-union": "^1.0.1",
        "glob": "^7.0.3",
        "object-assign": "^4.0.1",
        "pify": "^2.0.0",
        "pinkie-promise": "^2.0.0"
      }
    },
    "graceful-fs": {
      "version": "4.1.11",
      "resolved": "https://registry.npmjs.org/graceful-fs/-/graceful-fs-4.1.11.tgz",
      "integrity": "sha1-Dovf5NHduIVNZOBOp8AOKgJuVlg=",
      "dev": true
    },
    "humanize-url": {
      "version": "1.0.1",
      "resolved": "https://registry.npmjs.org/humanize-url/-/humanize-url-1.0.1.tgz",
      "integrity": "sha1-9KuZ4NKIF0yk4eUEB8VfuuRk7/8=",
      "dev": true,
      "requires": {
        "normalize-url": "^1.0.0",
        "strip-url-auth": "^1.0.0"
      }
    },
    "inflight": {
      "version": "1.0.6",
      "resolved": "https://registry.npmjs.org/inflight/-/inflight-1.0.6.tgz",
      "integrity": "sha1-Sb1jMdfQLQwJvJEKEHW6gWW1bfk=",
      "requires": {
        "once": "^1.3.0",
        "wrappy": "1"
      }
    },
    "inherits": {
      "version": "2.0.3",
      "resolved": "https://registry.npmjs.org/inherits/-/inherits-2.0.3.tgz",
      "integrity": "sha1-Yzwsg+PaQqUC9SRmAiSA9CCCYd4="
    },
    "is-plain-obj": {
      "version": "1.1.0",
      "resolved": "https://registry.npmjs.org/is-plain-obj/-/is-plain-obj-1.1.0.tgz",
      "integrity": "sha1-caUMhCnfync8kqOQpKA7OfzVHT4=",
      "dev": true
    },
    "jsonfile": {
      "version": "4.0.0",
      "resolved": "https://registry.npmjs.org/jsonfile/-/jsonfile-4.0.0.tgz",
      "integrity": "sha1-h3Gq4HmbZAdrdmQPygWPnBDjPss=",
      "dev": true,
      "requires": {
        "graceful-fs": "^4.1.6"
      }
    },
    "lodash": {
      "version": "4.17.11",
      "resolved": "https://registry.npmjs.org/lodash/-/lodash-4.17.11.tgz",
      "integrity": "sha512-cQKh8igo5QUhZ7lg38DYWAxMvjSAKG0A8wGSVimP07SIUEK2UO+arSRKbRZWtelMtN5V0Hkwh5ryOto/SshYIg==",
      "dev": true
    },
    "lzma": {
      "version": "2.3.2",
      "resolved": "https://registry.npmjs.org/lzma/-/lzma-2.3.2.tgz",
      "integrity": "sha1-N4OySFi5wOdHoN88vx+1/KqSxEE="
    },
    "minimatch": {
      "version": "3.0.4",
      "resolved": "https://registry.npmjs.org/minimatch/-/minimatch-3.0.4.tgz",
      "integrity": "sha512-yJHVQEhyqPLUTgt9B83PXu6W3rx4MvvHvSUvToogpwoGDOUQ+yDrR0HRot+yOCdCO7u4hX3pWft6kWBBcqh0UA==",
      "requires": {
        "brace-expansion": "^1.1.7"
      }
    },
    "normalize-url": {
      "version": "1.9.1",
      "resolved": "https://registry.npmjs.org/normalize-url/-/normalize-url-1.9.1.tgz",
      "integrity": "sha1-LMDWazHqIwNkWENuNiDYWVTGbDw=",
      "dev": true,
      "requires": {
        "object-assign": "^4.0.1",
        "prepend-http": "^1.0.0",
        "query-string": "^4.1.0",
        "sort-keys": "^1.0.0"
      },
      "dependencies": {
        "query-string": {
          "version": "4.3.4",
          "resolved": "https://registry.npmjs.org/query-string/-/query-string-4.3.4.tgz",
          "integrity": "sha1-u7aTucqRXCMlFbIosaArYJBD2+s=",
          "dev": true,
          "requires": {
            "object-assign": "^4.1.0",
            "strict-uri-encode": "^1.0.0"
          }
        },
        "strict-uri-encode": {
          "version": "1.1.0",
          "resolved": "https://registry.npmjs.org/strict-uri-encode/-/strict-uri-encode-1.1.0.tgz",
          "integrity": "sha1-J5siXfHVgrH1TmWt3UNS4Y+qBxM=",
          "dev": true
        }
      }
    },
    "object-assign": {
      "version": "4.1.1",
      "resolved": "https://registry.npmjs.org/object-assign/-/object-assign-4.1.1.tgz",
      "integrity": "sha1-IQmtx5ZYh8/AXLvUQsrIv7s2CGM=",
      "dev": true
    },
    "once": {
      "version": "1.4.0",
      "resolved": "https://registry.npmjs.org/once/-/once-1.4.0.tgz",
      "integrity": "sha1-WDsap3WWHUsROsF9nFC6753Xa9E=",
      "requires": {
        "wrappy": "1"
      }
    },
    "opal": {
      "version": "0.6.4",
      "resolved": "https://registry.npmjs.org/opal/-/opal-0.6.4.tgz",
      "integrity": "sha1-x1fhaB+xsb9UHP/lYF70Hp7SZqQ=",
      "requires": {
        "glob": "^7.1.3"
      }
    },
    "pako": {
      "version": "1.0.6",
      "resolved": "https://registry.npmjs.org/pako/-/pako-1.0.6.tgz",
      "integrity": "sha512-lQe48YPsMJAig+yngZ87Lus+NF+3mtu7DVOBu6b/gHO1YpKwIj5AWjZ/TOS7i46HD/UixzWb1zeWDZfGZ3iYcg=="
    },
    "path-is-absolute": {
      "version": "1.0.1",
      "resolved": "https://registry.npmjs.org/path-is-absolute/-/path-is-absolute-1.0.1.tgz",
      "integrity": "sha1-F0uSaHNVNP+8es5r9TpanhtcX18="
    },
    "pify": {
      "version": "2.3.0",
      "resolved": "https://registry.npmjs.org/pify/-/pify-2.3.0.tgz",
      "integrity": "sha1-7RQaasBDqEnqWISY59yosVMw6Qw=",
      "dev": true
    },
    "pinkie": {
      "version": "2.0.4",
      "resolved": "https://registry.npmjs.org/pinkie/-/pinkie-2.0.4.tgz",
      "integrity": "sha1-clVrgM+g1IqXToDnckjoDtT3+HA=",
      "dev": true
    },
    "pinkie-promise": {
      "version": "2.0.1",
      "resolved": "https://registry.npmjs.org/pinkie-promise/-/pinkie-promise-2.0.1.tgz",
      "integrity": "sha1-ITXW36ejWMBprJsXh3YogihFD/o=",
      "dev": true,
      "requires": {
        "pinkie": "^2.0.0"
      }
    },
    "prepend-http": {
      "version": "1.0.4",
      "resolved": "https://registry.npmjs.org/prepend-http/-/prepend-http-1.0.4.tgz",
      "integrity": "sha1-1PRWKwzjaW5BrFLQ4ALlemNdxtw=",
      "dev": true
    },
    "purecss": {
      "version": "1.0.0",
      "resolved": "https://registry.npmjs.org/purecss/-/purecss-1.0.0.tgz",
      "integrity": "sha512-gfC78WCOWNnfkzulx9aoWwcl+0JflhwKeJ+k9s/ZyIawfYNA4bqBmt0DtfgtQK9iuYMtGfbdE8R2AQMjSWR2VQ=="
    },
    "querystringify": {
      "version": "2.0.0",
      "resolved": "https://registry.npmjs.org/querystringify/-/querystringify-2.0.0.tgz",
      "integrity": "sha512-eTPo5t/4bgaMNZxyjWx6N2a6AuE0mq51KWvpc7nU/MAqixcI6v6KrGUKES0HaomdnolQBBXU/++X6/QQ9KL4tw=="
    },
    "requires-port": {
      "version": "1.0.0",
      "resolved": "https://registry.npmjs.org/requires-port/-/requires-port-1.0.0.tgz",
      "integrity": "sha1-kl0mAdOaxIXgkc8NpcbmlNw9yv8="
    },
    "rimraf": {
      "version": "2.6.2",
      "resolved": "https://registry.npmjs.org/rimraf/-/rimraf-2.6.2.tgz",
      "integrity": "sha512-lreewLK/BlghmxtfH36YYVg1i8IAce4TI7oao75I1g245+6BctqTVQiBP3YUJ9C6DQOXJmkYR9X9fCLtCOJc5w==",
      "dev": true,
      "requires": {
        "glob": "^7.0.5"
      }
    },
    "sort-keys": {
      "version": "1.1.2",
      "resolved": "https://registry.npmjs.org/sort-keys/-/sort-keys-1.1.2.tgz",
      "integrity": "sha1-RBttTTRnmPG05J6JIK37oOVD+a0=",
      "dev": true,
      "requires": {
        "is-plain-obj": "^1.0.0"
      }
    },
    "strip-outer": {
      "version": "1.0.1",
      "resolved": "https://registry.npmjs.org/strip-outer/-/strip-outer-1.0.1.tgz",
      "integrity": "sha512-k55yxKHwaXnpYGsOzg4Vl8+tDrWylxDEpknGjhTiZB8dFRU5rTo9CAzeycivxV3s+zlTKwrs6WxMxR95n26kwg==",
      "dev": true,
      "requires": {
        "escape-string-regexp": "^1.0.2"
      }
    },
    "strip-url-auth": {
      "version": "1.0.1",
      "resolved": "https://registry.npmjs.org/strip-url-auth/-/strip-url-auth-1.0.1.tgz",
      "integrity": "sha1-IrD6OkE4WzO+PzMVUbu4N/oM164=",
      "dev": true
    },
    "trim-repeated": {
      "version": "1.0.0",
      "resolved": "https://registry.npmjs.org/trim-repeated/-/trim-repeated-1.0.0.tgz",
      "integrity": "sha1-42RqLqTokTEr9+rObPsFOAvAHCE=",
      "dev": true,
      "requires": {
        "escape-string-regexp": "^1.0.2"
      }
    },
    "universalify": {
      "version": "0.1.2",
      "resolved": "https://registry.npmjs.org/universalify/-/universalify-0.1.2.tgz",
      "integrity": "sha512-rBJeI5CXAlmy1pV+617WB9J63U6XcazHHF2f2dbJix4XzpUF0RS3Zbj0FGIOCAva5P/d/GBOYaACQ1w+0azUkg==",
      "dev": true
    },
    "url-parse": {
      "version": "1.4.3",
      "resolved": "https://registry.npmjs.org/url-parse/-/url-parse-1.4.3.tgz",
      "integrity": "sha512-rh+KuAW36YKo0vClhQzLLveoj8FwPJNu65xLb7Mrt+eZht0IPT0IXgSv8gcMegZ6NvjJUALf6Mf25POlMwD1Fw==",
      "requires": {
        "querystringify": "^2.0.0",
        "requires-port": "^1.0.0"
      }
    },
    "wrappy": {
      "version": "1.0.2",
      "resolved": "https://registry.npmjs.org/wrappy/-/wrappy-1.0.2.tgz",
      "integrity": "sha1-tSQ9jz7BqjXxNkYFvA0QNuMKtp8="
    }
  }
}
